
Microsoft Visual Studio Solution File, Format Version 12.00
# Visual Studio Version 17
VisualStudioVersion = 17.6.33723.286
MinimumVisualStudioVersion = 10.0.40219.1
Project("{9A19103F-16F7-4668-BE54-9A1E7A4F7556}") = "TomiSoft.YoutubeDownloader", "Tomisoft.YoutubeDownloader\TomiSoft.YoutubeDownloader.csproj", "{78F8940C-59C5-4F6A-B822-59A0BD7ED1BE}"
EndProject
Project("{9A19103F-16F7-4668-BE54-9A1E7A4F7556}") = "TomiSoft.YouTubeDownloader.WebUI", "TomiSoft.YouTubeDownloader.WebUI\TomiSoft.YouTubeDownloader.WebUI.csproj", "{0A7E2AA7-970F-417F-92D1-CC0DE2622E8D}"
EndProject
Project("{9A19103F-16F7-4668-BE54-9A1E7A4F7556}") = "TomiSoft.YoutubeDownloader.Tests", "TomiSoft.YoutubeDownloader.Tests\TomiSoft.YoutubeDownloader.Tests.csproj", "{1EDA11ED-0EE7-4A7D-AED1-B946418D0987}"
EndProject
Project("{9A19103F-16F7-4668-BE54-9A1E7A4F7556}") = "TomiSoft.YoutubeDownloader.WebUI.Tests", "TomiSoft.YoutubeDownloader.WebUI.Tests\TomiSoft.YoutubeDownloader.WebUI.Tests.csproj", "{1F07FE7E-946E-4549-867B-39A9565CBEA2}"
EndProject
Project("{9A19103F-16F7-4668-BE54-9A1E7A4F7556}") = "TomiSoft.Common", "TomiSoft.Common\TomiSoft.Common.csproj", "{E6CCD148-B357-41A3-8340-9C17B69B5A97}"
EndProject
Project("{9A19103F-16F7-4668-BE54-9A1E7A4F7556}") = "TomiSoft.YoutubeDownloader.BusinessLogic", "TomiSoft.YoutubeDownloader.BusinessLogic\TomiSoft.YoutubeDownloader.BusinessLogic.csproj", "{618431AE-664C-4082-9091-D2610B3A3157}"
EndProject
Project("{2150E333-8FDC-42A3-9474-1A3956D46DE8}") = "Solution Items", "Solution Items", "{4BC7F7B8-72F8-4942-AA83-9F4D61ECAB99}"
EndProject
Global
	GlobalSection(SolutionConfigurationPlatforms) = preSolution
		Debug|Any CPU = Debug|Any CPU
		Release|Any CPU = Release|Any CPU
	EndGlobalSection
	GlobalSection(ProjectConfigurationPlatforms) = postSolution
		{78F8940C-59C5-4F6A-B822-59A0BD7ED1BE}.Debug|Any CPU.ActiveCfg = Debug|Any CPU
		{78F8940C-59C5-4F6A-B822-59A0BD7ED1BE}.Debug|Any CPU.Build.0 = Debug|Any CPU
		{78F8940C-59C5-4F6A-B822-59A0BD7ED1BE}.Release|Any CPU.ActiveCfg = Release|Any CPU
		{78F8940C-59C5-4F6A-B822-59A0BD7ED1BE}.Release|Any CPU.Build.0 = Release|Any CPU
		{0A7E2AA7-970F-417F-92D1-CC0DE2622E8D}.Debug|Any CPU.ActiveCfg = Debug|Any CPU
		{0A7E2AA7-970F-417F-92D1-CC0DE2622E8D}.Debug|Any CPU.Build.0 = Debug|Any CPU
		{0A7E2AA7-970F-417F-92D1-CC0DE2622E8D}.Release|Any CPU.ActiveCfg = Release|Any CPU
		{0A7E2AA7-970F-417F-92D1-CC0DE2622E8D}.Release|Any CPU.Build.0 = Release|Any CPU
		{1EDA11ED-0EE7-4A7D-AED1-B946418D0987}.Debug|Any CPU.ActiveCfg = Debug|Any CPU
		{1EDA11ED-0EE7-4A7D-AED1-B946418D0987}.Debug|Any CPU.Build.0 = Debug|Any CPU
		{1EDA11ED-0EE7-4A7D-AED1-B946418D0987}.Release|Any CPU.ActiveCfg = Release|Any CPU
		{1EDA11ED-0EE7-4A7D-AED1-B946418D0987}.Release|Any CPU.Build.0 = Release|Any CPU
		{1F07FE7E-946E-4549-867B-39A9565CBEA2}.Debug|Any CPU.ActiveCfg = Debug|Any CPU
		{1F07FE7E-946E-4549-867B-39A9565CBEA2}.Debug|Any CPU.Build.0 = Debug|Any CPU
		{1F07FE7E-946E-4549-867B-39A9565CBEA2}.Release|Any CPU.ActiveCfg = Release|Any CPU
		{1F07FE7E-946E-4549-867B-39A9565CBEA2}.Release|Any CPU.Build.0 = Release|Any CPU
		{E6CCD148-B357-41A3-8340-9C17B69B5A97}.Debug|Any CPU.ActiveCfg = Debug|Any CPU
		{E6CCD148-B357-41A3-8340-9C17B69B5A97}.Debug|Any CPU.Build.0 = Debug|Any CPU
		{E6CCD148-B357-41A3-8340-9C17B69B5A97}.Release|Any CPU.ActiveCfg = Release|Any CPU
		{E6CCD148-B357-41A3-8340-9C17B69B5A97}.Release|Any CPU.Build.0 = Release|Any CPU
		{618431AE-664C-4082-9091-D2610B3A3157}.Debug|Any CPU.ActiveCfg = Debug|Any CPU
		{618431AE-664C-4082-9091-D2610B3A3157}.Debug|Any CPU.Build.0 = Debug|Any CPU
		{618431AE-664C-4082-9091-D2610B3A3157}.Release|Any CPU.ActiveCfg = Release|Any CPU
		{618431AE-664C-4082-9091-D2610B3A3157}.Release|Any CPU.Build.0 = Release|Any CPU
	EndGlobalSection
	GlobalSection(SolutionProperties) = preSolution
		HideSolutionNode = FALSE
	EndGlobalSection
	GlobalSection(ExtensibilityGlobals) = postSolution
		SolutionGuid = {22C44C1D-8066-4480-82EE-D7008128EF2C}
	EndGlobalSection
EndGlobal
